
Microsoft Visual Studio Solution File, Format Version 12.00
# Visual Studio Version 17
VisualStudioVersion = 17.0.31903.59
MinimumVisualStudioVersion = 10.0.40219.1
Project("{2150E333-8FDC-42A3-9474-1A3956D46DE8}") = "services", "services", "{401EA0A7-358E-4BB3-8E4D-86F5235DFBFC}"
EndProject
Project("{FAE04EC0-301F-11D3-BF4B-00C04F79EFBC}") = "sample_a", "services\sample_a\sample_a.csproj", "{2D942DC1-B8D9-4731-A0C4-81D49F07D977}"
EndProject
Project("{FAE04EC0-301F-11D3-BF4B-00C04F79EFBC}") = "sample_b", "services\sample_b\sample_b.csproj", "{E08EB896-F2D8-451D-A06A-AB5EDD593B10}"
EndProject
Project("{E53339B2-1760-4266-BCC7-CA923CBCF16C}") = "docker-compose", "docker-compose.dcproj", "{90DBD09E-52AC-4956-96F5-57DD1194F503}"
EndProject
Project("{2150E333-8FDC-42A3-9474-1A3956D46DE8}") = "sso", "sso", "{03008177-02C5-4787-A787-1FC12B618A37}"
EndProject
Project("{FAE04EC0-301F-11D3-BF4B-00C04F79EFBC}") = "auth", "sso\auth\auth.csproj", "{D6CC032E-7744-4956-9E4E-006A04F175D8}"
EndProject
Global
	GlobalSection(SolutionConfigurationPlatforms) = preSolution
		Debug|Any CPU = Debug|Any CPU
		Release|Any CPU = Release|Any CPU
	EndGlobalSection
	GlobalSection(SolutionProperties) = preSolution
		HideSolutionNode = FALSE
	EndGlobalSection
	GlobalSection(ProjectConfigurationPlatforms) = postSolution
		{2D942DC1-B8D9-4731-A0C4-81D49F07D977}.Debug|Any CPU.ActiveCfg = Debug|Any CPU
		{2D942DC1-B8D9-4731-A0C4-81D49F07D977}.Debug|Any CPU.Build.0 = Debug|Any CPU
		{2D942DC1-B8D9-4731-A0C4-81D49F07D977}.Release|Any CPU.ActiveCfg = Release|Any CPU
		{2D942DC1-B8D9-4731-A0C4-81D49F07D977}.Release|Any CPU.Build.0 = Release|Any CPU
		{E08EB896-F2D8-451D-A06A-AB5EDD593B10}.Debug|Any CPU.ActiveCfg = Debug|Any CPU
		{E08EB896-F2D8-451D-A06A-AB5EDD593B10}.Debug|Any CPU.Build.0 = Debug|Any CPU
		{E08EB896-F2D8-451D-A06A-AB5EDD593B10}.Release|Any CPU.ActiveCfg = Release|Any CPU
		{E08EB896-F2D8-451D-A06A-AB5EDD593B10}.Release|Any CPU.Build.0 = Release|Any CPU
		{90DBD09E-52AC-4956-96F5-57DD1194F503}.Debug|Any CPU.ActiveCfg = Debug|Any CPU
		{90DBD09E-52AC-4956-96F5-57DD1194F503}.Debug|Any CPU.Build.0 = Debug|Any CPU
		{90DBD09E-52AC-4956-96F5-57DD1194F503}.Release|Any CPU.ActiveCfg = Release|Any CPU
		{90DBD09E-52AC-4956-96F5-57DD1194F503}.Release|Any CPU.Build.0 = Release|Any CPU
		{D6CC032E-7744-4956-9E4E-006A04F175D8}.Debug|Any CPU.ActiveCfg = Debug|Any CPU
		{D6CC032E-7744-4956-9E4E-006A04F175D8}.Debug|Any CPU.Build.0 = Debug|Any CPU
		{D6CC032E-7744-4956-9E4E-006A04F175D8}.Release|Any CPU.ActiveCfg = Release|Any CPU
		{D6CC032E-7744-4956-9E4E-006A04F175D8}.Release|Any CPU.Build.0 = Release|Any CPU
	EndGlobalSection
	GlobalSection(NestedProjects) = preSolution
		{2D942DC1-B8D9-4731-A0C4-81D49F07D977} = {401EA0A7-358E-4BB3-8E4D-86F5235DFBFC}
		{E08EB896-F2D8-451D-A06A-AB5EDD593B10} = {401EA0A7-358E-4BB3-8E4D-86F5235DFBFC}
		{D6CC032E-7744-4956-9E4E-006A04F175D8} = {03008177-02C5-4787-A787-1FC12B618A37}
	EndGlobalSection
EndGlobal
